
Microsoft Visual Studio Solution File, Format Version 12.00
# Visual Studio Version 17
VisualStudioVersion = 17.1.32210.238
MinimumVisualStudioVersion = 10.0.40219.1
Project("{9A19103F-16F7-4668-BE54-9A1E7A4F7556}") = "RecipeBook", "RecipeBook\RecipeBook.csproj", "{67896A31-F85E-4095-A2F1-6FCA2401B5C2}"
EndProject
Project("{9A19103F-16F7-4668-BE54-9A1E7A4F7556}") = "RecipeBook.Repository", "RecipeBookRepository\RecipeBook.Repository.csproj", "{E5DB6958-2EBF-4B77-8ABA-38FBD2A9CAE7}"
EndProject
Global
	GlobalSection(SolutionConfigurationPlatforms) = preSolution
		Debug|Any CPU = Debug|Any CPU
		Release|Any CPU = Release|Any CPU
	EndGlobalSection
	GlobalSection(ProjectConfigurationPlatforms) = postSolution
		{67896A31-F85E-4095-A2F1-6FCA2401B5C2}.Debug|Any CPU.ActiveCfg = Debug|Any CPU
		{67896A31-F85E-4095-A2F1-6FCA2401B5C2}.Debug|Any CPU.Build.0 = Debug|Any CPU
		{67896A31-F85E-4095-A2F1-6FCA2401B5C2}.Release|Any CPU.ActiveCfg = Release|Any CPU
		{67896A31-F85E-4095-A2F1-6FCA2401B5C2}.Release|Any CPU.Build.0 = Release|Any CPU
		{E5DB6958-2EBF-4B77-8ABA-38FBD2A9CAE7}.Debug|Any CPU.ActiveCfg = Debug|Any CPU
		{E5DB6958-2EBF-4B77-8ABA-38FBD2A9CAE7}.Debug|Any CPU.Build.0 = Debug|Any CPU
		{E5DB6958-2EBF-4B77-8ABA-38FBD2A9CAE7}.Release|Any CPU.ActiveCfg = Release|Any CPU
		{E5DB6958-2EBF-4B77-8ABA-38FBD2A9CAE7}.Release|Any CPU.Build.0 = Release|Any CPU
	EndGlobalSection
	GlobalSection(SolutionProperties) = preSolution
		HideSolutionNode = FALSE
	EndGlobalSection
	GlobalSection(ExtensibilityGlobals) = postSolution
		SolutionGuid = {A547747A-8726-421C-8E5E-6A428FE6C631}
	EndGlobalSection
EndGlobal
